
Microsoft Visual Studio Solution File, Format Version 12.00
# Visual Studio Version 17
VisualStudioVersion = 17.3.32825.248
MinimumVisualStudioVersion = 10.0.40219.1
Project("{FAE04EC0-301F-11D3-BF4B-00C04F79EFBC}") = "Room_Service", "Room_Service\Room_Service.csproj", "{152384CB-229D-4E53-BF9A-242EB55E0226}"
EndProject
Global
	GlobalSection(SolutionConfigurationPlatforms) = preSolution
		Debug|Any CPU = Debug|Any CPU
		Release|Any CPU = Release|Any CPU
	EndGlobalSection
	GlobalSection(ProjectConfigurationPlatforms) = postSolution
		{152384CB-229D-4E53-BF9A-242EB55E0226}.Debug|Any CPU.ActiveCfg = Debug|Any CPU
		{152384CB-229D-4E53-BF9A-242EB55E0226}.Debug|Any CPU.Build.0 = Debug|Any CPU
		{152384CB-229D-4E53-BF9A-242EB55E0226}.Release|Any CPU.ActiveCfg = Release|Any CPU
		{152384CB-229D-4E53-BF9A-242EB55E0226}.Release|Any CPU.Build.0 = Release|Any CPU
	EndGlobalSection
	GlobalSection(SolutionProperties) = preSolution
		HideSolutionNode = FALSE
	EndGlobalSection
	GlobalSection(ExtensibilityGlobals) = postSolution
		SolutionGuid = {ACDA5247-9F23-4D1B-8BB2-E08B0CCCF352}
	EndGlobalSection
EndGlobal
